// !$*UTF8*$!
{
	archiveVersion = 1;
	classes = {
	};
	objectVersion = 48;
	objects = {

/* Begin PBXBuildFile section */
		DA5057191BDF567FC526F3D3 /* Pods_Envelopes.framework in Frameworks */ = {isa = PBXBuildFile; fileRef = 26ECEF557B37861F46840382 /* Pods_Envelopes.framework */; };
		EC28756920014D3C0004B9CC /* AppDelegate.swift in Sources */ = {isa = PBXBuildFile; fileRef = EC28756820014D3C0004B9CC /* AppDelegate.swift */; };
		EC28756E20014D3C0004B9CC /* Main.storyboard in Resources */ = {isa = PBXBuildFile; fileRef = EC28756C20014D3C0004B9CC /* Main.storyboard */; };
		EC28757020014D3C0004B9CC /* Assets.xcassets in Resources */ = {isa = PBXBuildFile; fileRef = EC28756F20014D3C0004B9CC /* Assets.xcassets */; };
		EC28757320014D3C0004B9CC /* LaunchScreen.storyboard in Resources */ = {isa = PBXBuildFile; fileRef = EC28757120014D3C0004B9CC /* LaunchScreen.storyboard */; };
		EC28757F200153340004B9CC /* Reactor.framework in Frameworks */ = {isa = PBXBuildFile; fileRef = EC28757E200153340004B9CC /* Reactor.framework */; };
		EC287583200155360004B9CC /* AppState.swift in Sources */ = {isa = PBXBuildFile; fileRef = EC287582200155360004B9CC /* AppState.swift */; };
		EC287586200155D80004B9CC /* FirebaseNetworkAccess.swift in Sources */ = {isa = PBXBuildFile; fileRef = EC287585200155D80004B9CC /* FirebaseNetworkAccess.swift */; };
		EC28758B200159430004B9CC /* GoogleService-Info.plist in Resources */ = {isa = PBXBuildFile; fileRef = EC28758A200159430004B9CC /* GoogleService-Info.plist */; };
		EC28759620015BA20004B9CC /* ReactorSubscribing.swift in Sources */ = {isa = PBXBuildFile; fileRef = EC28758F20015BA20004B9CC /* ReactorSubscribing.swift */; };
		EC28759720015BA20004B9CC /* FirebaseReactorAccess.swift in Sources */ = {isa = PBXBuildFile; fileRef = EC28759020015BA20004B9CC /* FirebaseReactorAccess.swift */; };
		EC28759920015BA20004B9CC /* GenericFirebaseEvents.swift in Sources */ = {isa = PBXBuildFile; fileRef = EC28759220015BA20004B9CC /* GenericFirebaseEvents.swift */; };
		EC28759A20015BA20004B9CC /* FirebaseReactorAuthentication.swift in Sources */ = {isa = PBXBuildFile; fileRef = EC28759320015BA20004B9CC /* FirebaseReactorAuthentication.swift */; };
		EC28759B20015BA20004B9CC /* Firebase+Random.swift in Sources */ = {isa = PBXBuildFile; fileRef = EC28759420015BA20004B9CC /* Firebase+Random.swift */; };
		EC28759D20015BBA0004B9CC /* Keys.swift in Sources */ = {isa = PBXBuildFile; fileRef = EC28759C20015BBA0004B9CC /* Keys.swift */; };
		EC2875A02001C7D50004B9CC /* UserCommands.swift in Sources */ = {isa = PBXBuildFile; fileRef = EC28759F2001C7D50004B9CC /* UserCommands.swift */; };
		EC2D145F2006A76D00EC0FE9 /* LoginViewController.swift in Sources */ = {isa = PBXBuildFile; fileRef = EC2D145E2006A76D00EC0FE9 /* LoginViewController.swift */; };
		EC2D14612006A86800EC0FE9 /* LoginState.swift in Sources */ = {isa = PBXBuildFile; fileRef = EC2D14602006A86800EC0FE9 /* LoginState.swift */; };
		EC2D14652006BCF700EC0FE9 /* LoginTableViewDataSource.swift in Sources */ = {isa = PBXBuildFile; fileRef = EC2D14642006BCF700EC0FE9 /* LoginTableViewDataSource.swift */; };
		EC2D14752006BD7A00EC0FE9 /* ActionButtonCell.swift in Sources */ = {isa = PBXBuildFile; fileRef = EC2D14692006BD7900EC0FE9 /* ActionButtonCell.swift */; };
		EC2D14762006BD7A00EC0FE9 /* FirstNameTextFieldCell.swift in Sources */ = {isa = PBXBuildFile; fileRef = EC2D146A2006BD7900EC0FE9 /* FirstNameTextFieldCell.swift */; };
		EC2D14772006BD7A00EC0FE9 /* ForgotPasswordButtonCell.swift in Sources */ = {isa = PBXBuildFile; fileRef = EC2D146B2006BD7900EC0FE9 /* ForgotPasswordButtonCell.swift */; };
		EC2D14782006BD7A00EC0FE9 /* LastNameTextFieldCell.swift in Sources */ = {isa = PBXBuildFile; fileRef = EC2D146C2006BD7900EC0FE9 /* LastNameTextFieldCell.swift */; };
		EC2D14792006BD7A00EC0FE9 /* QuestionCell.swift in Sources */ = {isa = PBXBuildFile; fileRef = EC2D146D2006BD7900EC0FE9 /* QuestionCell.swift */; };
		EC2D147A2006BD7A00EC0FE9 /* SeperatorCell.swift in Sources */ = {isa = PBXBuildFile; fileRef = EC2D146E2006BD7900EC0FE9 /* SeperatorCell.swift */; };
		EC2D147B2006BD7A00EC0FE9 /* HeadlineCell.swift in Sources */ = {isa = PBXBuildFile; fileRef = EC2D146F2006BD7900EC0FE9 /* HeadlineCell.swift */; };
		EC2D147C2006BD7A00EC0FE9 /* PasswordTextFieldCell.swift in Sources */ = {isa = PBXBuildFile; fileRef = EC2D14702006BD7900EC0FE9 /* PasswordTextFieldCell.swift */; };
		EC2D147D2006BD7A00EC0FE9 /* SubHeadlineCell.swift in Sources */ = {isa = PBXBuildFile; fileRef = EC2D14712006BD7A00EC0FE9 /* SubHeadlineCell.swift */; };
		EC2D147E2006BD7A00EC0FE9 /* EmailTextFieldCell.swift in Sources */ = {isa = PBXBuildFile; fileRef = EC2D14722006BD7A00EC0FE9 /* EmailTextFieldCell.swift */; };
		EC2D14802006BD7A00EC0FE9 /* DisclaimerCell.swift in Sources */ = {isa = PBXBuildFile; fileRef = EC2D14742006BD7A00EC0FE9 /* DisclaimerCell.swift */; };
		EC2D14842006BE4A00EC0FE9 /* ReusableView.swift in Sources */ = {isa = PBXBuildFile; fileRef = EC2D14832006BE4A00EC0FE9 /* ReusableView.swift */; };
		EC2D14862006BE9200EC0FE9 /* StoryboardInitializable.swift in Sources */ = {isa = PBXBuildFile; fileRef = EC2D14852006BE9200EC0FE9 /* StoryboardInitializable.swift */; };
		EC2D148A2006BEE100EC0FE9 /* RoundedButton.swift in Sources */ = {isa = PBXBuildFile; fileRef = EC2D14892006BEE100EC0FE9 /* RoundedButton.swift */; };
		EC2D148C2006C08900EC0FE9 /* GenericEvents.swift in Sources */ = {isa = PBXBuildFile; fileRef = EC2D148B2006C08900EC0FE9 /* GenericEvents.swift */; };
		EC2D148E2006C09200EC0FE9 /* LoginEvents.swift in Sources */ = {isa = PBXBuildFile; fileRef = EC2D148D2006C09200EC0FE9 /* LoginEvents.swift */; };
		EC2D14902006C0EF00EC0FE9 /* Diff.swift in Sources */ = {isa = PBXBuildFile; fileRef = EC2D148F2006C0EF00EC0FE9 /* Diff.swift */; };
		EC2D14922006C11000EC0FE9 /* Diff+Foundation.swift in Sources */ = {isa = PBXBuildFile; fileRef = EC2D14912006C11000EC0FE9 /* Diff+Foundation.swift */; };
		EC2D14952006C18F00EC0FE9 /* RegisteringUser.swift in Sources */ = {isa = PBXBuildFile; fileRef = EC2D14932006C18F00EC0FE9 /* RegisteringUser.swift */; };
		EC2D14982006C1DD00EC0FE9 /* UITableView+Extensions.swift in Sources */ = {isa = PBXBuildFile; fileRef = EC2D14972006C1DD00EC0FE9 /* UITableView+Extensions.swift */; };
		EC2D149A2006C1F600EC0FE9 /* UIColor+Extensions.swift in Sources */ = {isa = PBXBuildFile; fileRef = EC2D14992006C1F600EC0FE9 /* UIColor+Extensions.swift */; };
		EC2D149C2006C3D300EC0FE9 /* Localized.swift in Sources */ = {isa = PBXBuildFile; fileRef = EC2D149B2006C3D300EC0FE9 /* Localized.swift */; };
		EC2D149E2006D0ED00EC0FE9 /* MainViewController.swift in Sources */ = {isa = PBXBuildFile; fileRef = EC2D149D2006D0ED00EC0FE9 /* MainViewController.swift */; };
		EC2D14A12006D16700EC0FE9 /* HomeViewController.swift in Sources */ = {isa = PBXBuildFile; fileRef = EC2D14A02006D16700EC0FE9 /* HomeViewController.swift */; };
		EC2D14A32006D1AA00EC0FE9 /* Home.storyboard in Resources */ = {isa = PBXBuildFile; fileRef = EC2D14A22006D1AA00EC0FE9 /* Home.storyboard */; };
		EC2D14A52006D55300EC0FE9 /* NewEnvelopeViewController.swift in Sources */ = {isa = PBXBuildFile; fileRef = EC2D14A42006D55300EC0FE9 /* NewEnvelopeViewController.swift */; };
		EC2D14A72006DAE600EC0FE9 /* IGListKit.framework in Frameworks */ = {isa = PBXBuildFile; fileRef = EC2D14A62006DAE600EC0FE9 /* IGListKit.framework */; };
		EC2D14A920070C7900EC0FE9 /* EnvelopesSectionController.swift in Sources */ = {isa = PBXBuildFile; fileRef = EC2D14A820070C7900EC0FE9 /* EnvelopesSectionController.swift */; };
		EC2D14AC2007CC9400EC0FE9 /* EnvelopeCell.swift in Sources */ = {isa = PBXBuildFile; fileRef = EC2D14AA2007CC9400EC0FE9 /* EnvelopeCell.swift */; };
		EC2D14AD2007CC9400EC0FE9 /* EnvelopeCell.xib in Resources */ = {isa = PBXBuildFile; fileRef = EC2D14AB2007CC9400EC0FE9 /* EnvelopeCell.xib */; };
		EC2D14AF2007E91700EC0FE9 /* EnvelopeDetailsViewController.swift in Sources */ = {isa = PBXBuildFile; fileRef = EC2D14AE2007E91700EC0FE9 /* EnvelopeDetailsViewController.swift */; };
		EC2D14B12007FEFB00EC0FE9 /* EnvelopeState.swift in Sources */ = {isa = PBXBuildFile; fileRef = EC2D14B02007FEFB00EC0FE9 /* EnvelopeState.swift */; };
		EC2D14B3200809D200EC0FE9 /* DateHelper.swift in Sources */ = {isa = PBXBuildFile; fileRef = EC2D14B2200809D200EC0FE9 /* DateHelper.swift */; };
		EC2D14B520083B0A00EC0FE9 /* NewEnvelopeDataSource.swift in Sources */ = {isa = PBXBuildFile; fileRef = EC2D14B420083B0A00EC0FE9 /* NewEnvelopeDataSource.swift */; };
		EC2D14B720083B5400EC0FE9 /* EnvelopeNameCell.swift in Sources */ = {isa = PBXBuildFile; fileRef = EC2D14B620083B5400EC0FE9 /* EnvelopeNameCell.swift */; };
		EC2D14B92008411400EC0FE9 /* AmountCell.swift in Sources */ = {isa = PBXBuildFile; fileRef = EC2D14B82008411400EC0FE9 /* AmountCell.swift */; };
		EC2D14BB20084F9600EC0FE9 /* FrequencyCell.swift in Sources */ = {isa = PBXBuildFile; fileRef = EC2D14BA20084F9600EC0FE9 /* FrequencyCell.swift */; };
		EC2D14BD200856C500EC0FE9 /* GoalCell.swift in Sources */ = {isa = PBXBuildFile; fileRef = EC2D14BC200856C500EC0FE9 /* GoalCell.swift */; };
		EC2D14BF20085A5400EC0FE9 /* NewEnvelopeState.swift in Sources */ = {isa = PBXBuildFile; fileRef = EC2D14BE20085A5400EC0FE9 /* NewEnvelopeState.swift */; };
		EC2D14C120085AB100EC0FE9 /* NewEnvelope.swift in Sources */ = {isa = PBXBuildFile; fileRef = EC2D14C020085AB100EC0FE9 /* NewEnvelope.swift */; };
		EC2D14C32008608900EC0FE9 /* EnvelopeCommands.swift in Sources */ = {isa = PBXBuildFile; fileRef = EC2D14C22008608900EC0FE9 /* EnvelopeCommands.swift */; };
		EC2D14C62009614500EC0FE9 /* ExpensesCell.swift in Sources */ = {isa = PBXBuildFile; fileRef = EC2D14C52009614500EC0FE9 /* ExpensesCell.swift */; };
		EC2D14C82009616200EC0FE9 /* EnvelopeDetailsDataSource.swift in Sources */ = {isa = PBXBuildFile; fileRef = EC2D14C72009616200EC0FE9 /* EnvelopeDetailsDataSource.swift */; };
		EC2D14CA2009632A00EC0FE9 /* DetailsCell.swift in Sources */ = {isa = PBXBuildFile; fileRef = EC2D14C92009632A00EC0FE9 /* DetailsCell.swift */; };
		EC2D14CC2009682C00EC0FE9 /* StartingAmountCell.swift in Sources */ = {isa = PBXBuildFile; fileRef = EC2D14CB2009682C00EC0FE9 /* StartingAmountCell.swift */; };
		EC2D14CE20097AEB00EC0FE9 /* TotalCell.swift in Sources */ = {isa = PBXBuildFile; fileRef = EC2D14CD20097AEB00EC0FE9 /* TotalCell.swift */; };
		EC2D14D12009C5D300EC0FE9 /* NewExpenseViewController.swift in Sources */ = {isa = PBXBuildFile; fileRef = EC2D14D02009C5D300EC0FE9 /* NewExpenseViewController.swift */; };
		EC2D14D32009C71900EC0FE9 /* NewExpenseDataSource.swift in Sources */ = {isa = PBXBuildFile; fileRef = EC2D14D22009C71900EC0FE9 /* NewExpenseDataSource.swift */; };
		EC2D14D52009C7B800EC0FE9 /* NewExpenseState.swift in Sources */ = {isa = PBXBuildFile; fileRef = EC2D14D42009C7B800EC0FE9 /* NewExpenseState.swift */; };
		EC2D14D72009CBCE00EC0FE9 /* ExpensesViewController.swift in Sources */ = {isa = PBXBuildFile; fileRef = EC2D14D62009CBCE00EC0FE9 /* ExpensesViewController.swift */; };
		EC2D14D92009CC9600EC0FE9 /* ExpensesDataSource.swift in Sources */ = {isa = PBXBuildFile; fileRef = EC2D14D82009CC9600EC0FE9 /* ExpensesDataSource.swift */; };
		EC2D14DB2009D2F900EC0FE9 /* ExpenseCell.swift in Sources */ = {isa = PBXBuildFile; fileRef = EC2D14DA2009D2F900EC0FE9 /* ExpenseCell.swift */; };
		EC2D14DD200C425800EC0FE9 /* CashCell.swift in Sources */ = {isa = PBXBuildFile; fileRef = EC2D14DC200C425800EC0FE9 /* CashCell.swift */; };
		EC2D14DF200C879600EC0FE9 /* Quote.swift in Sources */ = {isa = PBXBuildFile; fileRef = EC2D14DE200C879600EC0FE9 /* Quote.swift */; };
		ECF405A1200682B4008AA999 /* Envelope.swift in Sources */ = {isa = PBXBuildFile; fileRef = ECF405A0200682B4008AA999 /* Envelope.swift */; };
		ECF405A32006869B008AA999 /* Weekday.swift in Sources */ = {isa = PBXBuildFile; fileRef = ECF405A22006869B008AA999 /* Weekday.swift */; };
		ECF405A5200686B6008AA999 /* Expense.swift in Sources */ = {isa = PBXBuildFile; fileRef = ECF405A4200686B6008AA999 /* Expense.swift */; };
/* End PBXBuildFile section */

/* Begin PBXFileReference section */
		159B8ABBAF4C6256C685662E /* Pods-Envelopes.debug.xcconfig */ = {isa = PBXFileReference; includeInIndex = 1; lastKnownFileType = text.xcconfig; name = "Pods-Envelopes.debug.xcconfig"; path = "Pods/Target Support Files/Pods-Envelopes/Pods-Envelopes.debug.xcconfig"; sourceTree = "<group>"; };
		26ECEF557B37861F46840382 /* Pods_Envelopes.framework */ = {isa = PBXFileReference; explicitFileType = wrapper.framework; includeInIndex = 0; path = Pods_Envelopes.framework; sourceTree = BUILT_PRODUCTS_DIR; };
		40CFCF9E9FC4B374CDDB39D9 /* Pods-Envelopes.release.xcconfig */ = {isa = PBXFileReference; includeInIndex = 1; lastKnownFileType = text.xcconfig; name = "Pods-Envelopes.release.xcconfig"; path = "Pods/Target Support Files/Pods-Envelopes/Pods-Envelopes.release.xcconfig"; sourceTree = "<group>"; };
		EC28756520014D3C0004B9CC /* Envelopes.app */ = {isa = PBXFileReference; explicitFileType = wrapper.application; includeInIndex = 0; path = Envelopes.app; sourceTree = BUILT_PRODUCTS_DIR; };
		EC28756820014D3C0004B9CC /* AppDelegate.swift */ = {isa = PBXFileReference; lastKnownFileType = sourcecode.swift; path = AppDelegate.swift; sourceTree = "<group>"; };
		EC28756D20014D3C0004B9CC /* Base */ = {isa = PBXFileReference; lastKnownFileType = file.storyboard; name = Base; path = Base.lproj/Main.storyboard; sourceTree = "<group>"; };
		EC28756F20014D3C0004B9CC /* Assets.xcassets */ = {isa = PBXFileReference; lastKnownFileType = folder.assetcatalog; path = Assets.xcassets; sourceTree = "<group>"; };
		EC28757220014D3C0004B9CC /* Base */ = {isa = PBXFileReference; lastKnownFileType = file.storyboard; name = Base; path = Base.lproj/LaunchScreen.storyboard; sourceTree = "<group>"; };
		EC28757420014D3C0004B9CC /* Info.plist */ = {isa = PBXFileReference; lastKnownFileType = text.plist.xml; path = Info.plist; sourceTree = "<group>"; };
		EC28757E200153340004B9CC /* Reactor.framework */ = {isa = PBXFileReference; lastKnownFileType = wrapper.framework; name = Reactor.framework; path = Carthage/Build/iOS/Reactor.framework; sourceTree = "<group>"; };
		EC287582200155360004B9CC /* AppState.swift */ = {isa = PBXFileReference; lastKnownFileType = sourcecode.swift; path = AppState.swift; sourceTree = "<group>"; };
		EC287585200155D80004B9CC /* FirebaseNetworkAccess.swift */ = {isa = PBXFileReference; lastKnownFileType = sourcecode.swift; path = FirebaseNetworkAccess.swift; sourceTree = "<group>"; };
		EC28758A200159430004B9CC /* GoogleService-Info.plist */ = {isa = PBXFileReference; fileEncoding = 4; lastKnownFileType = text.plist.xml; path = "GoogleService-Info.plist"; sourceTree = "<group>"; };
		EC28758F20015BA20004B9CC /* ReactorSubscribing.swift */ = {isa = PBXFileReference; fileEncoding = 4; lastKnownFileType = sourcecode.swift; name = ReactorSubscribing.swift; path = Envelopes/FirebaseReactor/ReactorSubscribing.swift; sourceTree = SOURCE_ROOT; };
		EC28759020015BA20004B9CC /* FirebaseReactorAccess.swift */ = {isa = PBXFileReference; fileEncoding = 4; lastKnownFileType = sourcecode.swift; name = FirebaseReactorAccess.swift; path = Envelopes/FirebaseReactor/FirebaseReactorAccess.swift; sourceTree = SOURCE_ROOT; };
		EC28759220015BA20004B9CC /* GenericFirebaseEvents.swift */ = {isa = PBXFileReference; fileEncoding = 4; lastKnownFileType = sourcecode.swift; name = GenericFirebaseEvents.swift; path = Envelopes/FirebaseReactor/GenericFirebaseEvents.swift; sourceTree = SOURCE_ROOT; };
		EC28759320015BA20004B9CC /* FirebaseReactorAuthentication.swift */ = {isa = PBXFileReference; fileEncoding = 4; lastKnownFileType = sourcecode.swift; name = FirebaseReactorAuthentication.swift; path = Envelopes/FirebaseReactor/FirebaseReactorAuthentication.swift; sourceTree = SOURCE_ROOT; };
		EC28759420015BA20004B9CC /* Firebase+Random.swift */ = {isa = PBXFileReference; fileEncoding = 4; lastKnownFileType = sourcecode.swift; name = "Firebase+Random.swift"; path = "Envelopes/FirebaseReactor/Firebase+Random.swift"; sourceTree = SOURCE_ROOT; };
		EC28759520015BA20004B9CC /* FirebaseReactor.h */ = {isa = PBXFileReference; fileEncoding = 4; lastKnownFileType = sourcecode.c.h; name = FirebaseReactor.h; path = Envelopes/FirebaseReactor/FirebaseReactor.h; sourceTree = SOURCE_ROOT; };
		EC28759C20015BBA0004B9CC /* Keys.swift */ = {isa = PBXFileReference; lastKnownFileType = sourcecode.swift; path = Keys.swift; sourceTree = "<group>"; };
		EC28759F2001C7D50004B9CC /* UserCommands.swift */ = {isa = PBXFileReference; lastKnownFileType = sourcecode.swift; path = UserCommands.swift; sourceTree = "<group>"; };
		EC2D145E2006A76D00EC0FE9 /* LoginViewController.swift */ = {isa = PBXFileReference; lastKnownFileType = sourcecode.swift; path = LoginViewController.swift; sourceTree = "<group>"; };
		EC2D14602006A86800EC0FE9 /* LoginState.swift */ = {isa = PBXFileReference; lastKnownFileType = sourcecode.swift; path = LoginState.swift; sourceTree = "<group>"; };
		EC2D14642006BCF700EC0FE9 /* LoginTableViewDataSource.swift */ = {isa = PBXFileReference; lastKnownFileType = sourcecode.swift; path = LoginTableViewDataSource.swift; sourceTree = "<group>"; };
		EC2D14692006BD7900EC0FE9 /* ActionButtonCell.swift */ = {isa = PBXFileReference; fileEncoding = 4; lastKnownFileType = sourcecode.swift; path = ActionButtonCell.swift; sourceTree = "<group>"; };
		EC2D146A2006BD7900EC0FE9 /* FirstNameTextFieldCell.swift */ = {isa = PBXFileReference; fileEncoding = 4; lastKnownFileType = sourcecode.swift; path = FirstNameTextFieldCell.swift; sourceTree = "<group>"; };
		EC2D146B2006BD7900EC0FE9 /* ForgotPasswordButtonCell.swift */ = {isa = PBXFileReference; fileEncoding = 4; lastKnownFileType = sourcecode.swift; path = ForgotPasswordButtonCell.swift; sourceTree = "<group>"; };
		EC2D146C2006BD7900EC0FE9 /* LastNameTextFieldCell.swift */ = {isa = PBXFileReference; fileEncoding = 4; lastKnownFileType = sourcecode.swift; path = LastNameTextFieldCell.swift; sourceTree = "<group>"; };
		EC2D146D2006BD7900EC0FE9 /* QuestionCell.swift */ = {isa = PBXFileReference; fileEncoding = 4; lastKnownFileType = sourcecode.swift; path = QuestionCell.swift; sourceTree = "<group>"; };
		EC2D146E2006BD7900EC0FE9 /* SeperatorCell.swift */ = {isa = PBXFileReference; fileEncoding = 4; lastKnownFileType = sourcecode.swift; path = SeperatorCell.swift; sourceTree = "<group>"; };
		EC2D146F2006BD7900EC0FE9 /* HeadlineCell.swift */ = {isa = PBXFileReference; fileEncoding = 4; lastKnownFileType = sourcecode.swift; path = HeadlineCell.swift; sourceTree = "<group>"; };
		EC2D14702006BD7900EC0FE9 /* PasswordTextFieldCell.swift */ = {isa = PBXFileReference; fileEncoding = 4; lastKnownFileType = sourcecode.swift; path = PasswordTextFieldCell.swift; sourceTree = "<group>"; };
		EC2D14712006BD7A00EC0FE9 /* SubHeadlineCell.swift */ = {isa = PBXFileReference; fileEncoding = 4; lastKnownFileType = sourcecode.swift; path = SubHeadlineCell.swift; sourceTree = "<group>"; };
		EC2D14722006BD7A00EC0FE9 /* EmailTextFieldCell.swift */ = {isa = PBXFileReference; fileEncoding = 4; lastKnownFileType = sourcecode.swift; path = EmailTextFieldCell.swift; sourceTree = "<group>"; };
		EC2D14742006BD7A00EC0FE9 /* DisclaimerCell.swift */ = {isa = PBXFileReference; fileEncoding = 4; lastKnownFileType = sourcecode.swift; path = DisclaimerCell.swift; sourceTree = "<group>"; };
		EC2D14832006BE4A00EC0FE9 /* ReusableView.swift */ = {isa = PBXFileReference; lastKnownFileType = sourcecode.swift; path = ReusableView.swift; sourceTree = "<group>"; };
		EC2D14852006BE9200EC0FE9 /* StoryboardInitializable.swift */ = {isa = PBXFileReference; lastKnownFileType = sourcecode.swift; path = StoryboardInitializable.swift; sourceTree = "<group>"; };
		EC2D14892006BEE100EC0FE9 /* RoundedButton.swift */ = {isa = PBXFileReference; fileEncoding = 4; lastKnownFileType = sourcecode.swift; path = RoundedButton.swift; sourceTree = "<group>"; };
		EC2D148B2006C08900EC0FE9 /* GenericEvents.swift */ = {isa = PBXFileReference; fileEncoding = 4; lastKnownFileType = sourcecode.swift; path = GenericEvents.swift; sourceTree = "<group>"; };
		EC2D148D2006C09200EC0FE9 /* LoginEvents.swift */ = {isa = PBXFileReference; fileEncoding = 4; lastKnownFileType = sourcecode.swift; path = LoginEvents.swift; sourceTree = "<group>"; };
		EC2D148F2006C0EF00EC0FE9 /* Diff.swift */ = {isa = PBXFileReference; lastKnownFileType = sourcecode.swift; path = Diff.swift; sourceTree = "<group>"; };
		EC2D14912006C11000EC0FE9 /* Diff+Foundation.swift */ = {isa = PBXFileReference; lastKnownFileType = sourcecode.swift; path = "Diff+Foundation.swift"; sourceTree = "<group>"; };
		EC2D14932006C18F00EC0FE9 /* RegisteringUser.swift */ = {isa = PBXFileReference; fileEncoding = 4; lastKnownFileType = sourcecode.swift; path = RegisteringUser.swift; sourceTree = "<group>"; };
		EC2D14972006C1DD00EC0FE9 /* UITableView+Extensions.swift */ = {isa = PBXFileReference; fileEncoding = 4; lastKnownFileType = sourcecode.swift; path = "UITableView+Extensions.swift"; sourceTree = "<group>"; };
		EC2D14992006C1F600EC0FE9 /* UIColor+Extensions.swift */ = {isa = PBXFileReference; fileEncoding = 4; lastKnownFileType = sourcecode.swift; path = "UIColor+Extensions.swift"; sourceTree = "<group>"; };
		EC2D149B2006C3D300EC0FE9 /* Localized.swift */ = {isa = PBXFileReference; lastKnownFileType = sourcecode.swift; path = Localized.swift; sourceTree = "<group>"; };
		EC2D149D2006D0ED00EC0FE9 /* MainViewController.swift */ = {isa = PBXFileReference; lastKnownFileType = sourcecode.swift; path = MainViewController.swift; sourceTree = "<group>"; };
		EC2D14A02006D16700EC0FE9 /* HomeViewController.swift */ = {isa = PBXFileReference; lastKnownFileType = sourcecode.swift; path = HomeViewController.swift; sourceTree = "<group>"; };
		EC2D14A22006D1AA00EC0FE9 /* Home.storyboard */ = {isa = PBXFileReference; lastKnownFileType = file.storyboard; path = Home.storyboard; sourceTree = "<group>"; };
		EC2D14A42006D55300EC0FE9 /* NewEnvelopeViewController.swift */ = {isa = PBXFileReference; lastKnownFileType = sourcecode.swift; path = NewEnvelopeViewController.swift; sourceTree = "<group>"; };
		EC2D14A62006DAE600EC0FE9 /* IGListKit.framework */ = {isa = PBXFileReference; lastKnownFileType = wrapper.framework; name = IGListKit.framework; path = Carthage/Build/iOS/IGListKit.framework; sourceTree = "<group>"; };
		EC2D14A820070C7900EC0FE9 /* EnvelopesSectionController.swift */ = {isa = PBXFileReference; lastKnownFileType = sourcecode.swift; path = EnvelopesSectionController.swift; sourceTree = "<group>"; };
		EC2D14AA2007CC9400EC0FE9 /* EnvelopeCell.swift */ = {isa = PBXFileReference; lastKnownFileType = sourcecode.swift; path = EnvelopeCell.swift; sourceTree = "<group>"; };
		EC2D14AB2007CC9400EC0FE9 /* EnvelopeCell.xib */ = {isa = PBXFileReference; lastKnownFileType = file.xib; path = EnvelopeCell.xib; sourceTree = "<group>"; };
		EC2D14AE2007E91700EC0FE9 /* EnvelopeDetailsViewController.swift */ = {isa = PBXFileReference; lastKnownFileType = sourcecode.swift; path = EnvelopeDetailsViewController.swift; sourceTree = "<group>"; };
		EC2D14B02007FEFB00EC0FE9 /* EnvelopeState.swift */ = {isa = PBXFileReference; lastKnownFileType = sourcecode.swift; path = EnvelopeState.swift; sourceTree = "<group>"; };
		EC2D14B2200809D200EC0FE9 /* DateHelper.swift */ = {isa = PBXFileReference; lastKnownFileType = sourcecode.swift; path = DateHelper.swift; sourceTree = "<group>"; };
		EC2D14B420083B0A00EC0FE9 /* NewEnvelopeDataSource.swift */ = {isa = PBXFileReference; lastKnownFileType = sourcecode.swift; path = NewEnvelopeDataSource.swift; sourceTree = "<group>"; };
		EC2D14B620083B5400EC0FE9 /* EnvelopeNameCell.swift */ = {isa = PBXFileReference; lastKnownFileType = sourcecode.swift; path = EnvelopeNameCell.swift; sourceTree = "<group>"; };
		EC2D14B82008411400EC0FE9 /* AmountCell.swift */ = {isa = PBXFileReference; lastKnownFileType = sourcecode.swift; path = AmountCell.swift; sourceTree = "<group>"; };
		EC2D14BA20084F9600EC0FE9 /* FrequencyCell.swift */ = {isa = PBXFileReference; lastKnownFileType = sourcecode.swift; path = FrequencyCell.swift; sourceTree = "<group>"; };
		EC2D14BC200856C500EC0FE9 /* GoalCell.swift */ = {isa = PBXFileReference; lastKnownFileType = sourcecode.swift; path = GoalCell.swift; sourceTree = "<group>"; };
		EC2D14BE20085A5400EC0FE9 /* NewEnvelopeState.swift */ = {isa = PBXFileReference; lastKnownFileType = sourcecode.swift; path = NewEnvelopeState.swift; sourceTree = "<group>"; };
		EC2D14C020085AB100EC0FE9 /* NewEnvelope.swift */ = {isa = PBXFileReference; lastKnownFileType = sourcecode.swift; path = NewEnvelope.swift; sourceTree = "<group>"; };
		EC2D14C22008608900EC0FE9 /* EnvelopeCommands.swift */ = {isa = PBXFileReference; lastKnownFileType = sourcecode.swift; path = EnvelopeCommands.swift; sourceTree = "<group>"; };
		EC2D14C52009614500EC0FE9 /* ExpensesCell.swift */ = {isa = PBXFileReference; lastKnownFileType = sourcecode.swift; path = ExpensesCell.swift; sourceTree = "<group>"; };
		EC2D14C72009616200EC0FE9 /* EnvelopeDetailsDataSource.swift */ = {isa = PBXFileReference; lastKnownFileType = sourcecode.swift; path = EnvelopeDetailsDataSource.swift; sourceTree = "<group>"; };
		EC2D14C92009632A00EC0FE9 /* DetailsCell.swift */ = {isa = PBXFileReference; lastKnownFileType = sourcecode.swift; path = DetailsCell.swift; sourceTree = "<group>"; };
		EC2D14CB2009682C00EC0FE9 /* StartingAmountCell.swift */ = {isa = PBXFileReference; lastKnownFileType = sourcecode.swift; path = StartingAmountCell.swift; sourceTree = "<group>"; };
		EC2D14CD20097AEB00EC0FE9 /* TotalCell.swift */ = {isa = PBXFileReference; lastKnownFileType = sourcecode.swift; path = TotalCell.swift; sourceTree = "<group>"; };
		EC2D14D02009C5D300EC0FE9 /* NewExpenseViewController.swift */ = {isa = PBXFileReference; lastKnownFileType = sourcecode.swift; path = NewExpenseViewController.swift; sourceTree = "<group>"; };
		EC2D14D22009C71900EC0FE9 /* NewExpenseDataSource.swift */ = {isa = PBXFileReference; lastKnownFileType = sourcecode.swift; path = NewExpenseDataSource.swift; sourceTree = "<group>"; };
		EC2D14D42009C7B800EC0FE9 /* NewExpenseState.swift */ = {isa = PBXFileReference; lastKnownFileType = sourcecode.swift; path = NewExpenseState.swift; sourceTree = "<group>"; };
		EC2D14D62009CBCE00EC0FE9 /* ExpensesViewController.swift */ = {isa = PBXFileReference; lastKnownFileType = sourcecode.swift; path = ExpensesViewController.swift; sourceTree = "<group>"; };
		EC2D14D82009CC9600EC0FE9 /* ExpensesDataSource.swift */ = {isa = PBXFileReference; lastKnownFileType = sourcecode.swift; path = ExpensesDataSource.swift; sourceTree = "<group>"; };
		EC2D14DA2009D2F900EC0FE9 /* ExpenseCell.swift */ = {isa = PBXFileReference; lastKnownFileType = sourcecode.swift; path = ExpenseCell.swift; sourceTree = "<group>"; };
		EC2D14DC200C425800EC0FE9 /* CashCell.swift */ = {isa = PBXFileReference; lastKnownFileType = sourcecode.swift; path = CashCell.swift; sourceTree = "<group>"; };
		EC2D14DE200C879600EC0FE9 /* Quote.swift */ = {isa = PBXFileReference; lastKnownFileType = sourcecode.swift; path = Quote.swift; sourceTree = "<group>"; };
		ECF405A0200682B4008AA999 /* Envelope.swift */ = {isa = PBXFileReference; lastKnownFileType = sourcecode.swift; path = Envelope.swift; sourceTree = "<group>"; };
		ECF405A22006869B008AA999 /* Weekday.swift */ = {isa = PBXFileReference; lastKnownFileType = sourcecode.swift; path = Weekday.swift; sourceTree = "<group>"; };
		ECF405A4200686B6008AA999 /* Expense.swift */ = {isa = PBXFileReference; lastKnownFileType = sourcecode.swift; path = Expense.swift; sourceTree = "<group>"; };
/* End PBXFileReference section */

/* Begin PBXFrameworksBuildPhase section */
		EC28756220014D3C0004B9CC /* Frameworks */ = {
			isa = PBXFrameworksBuildPhase;
			buildActionMask = 2147483647;
			files = (
				DA5057191BDF567FC526F3D3 /* Pods_Envelopes.framework in Frameworks */,
				EC28757F200153340004B9CC /* Reactor.framework in Frameworks */,
				EC2D14A72006DAE600EC0FE9 /* IGListKit.framework in Frameworks */,
			);
			runOnlyForDeploymentPostprocessing = 0;
		};
/* End PBXFrameworksBuildPhase section */

/* Begin PBXGroup section */
		08BE6F3FB8D64BFA4573893A /* Frameworks */ = {
			isa = PBXGroup;
			children = (
				EC2D14A62006DAE600EC0FE9 /* IGListKit.framework */,
				EC28757E200153340004B9CC /* Reactor.framework */,
				26ECEF557B37861F46840382 /* Pods_Envelopes.framework */,
			);
			name = Frameworks;
			sourceTree = "<group>";
		};
		102466A514FE628E5B62F54E /* Pods */ = {
			isa = PBXGroup;
			children = (
				159B8ABBAF4C6256C685662E /* Pods-Envelopes.debug.xcconfig */,
				40CFCF9E9FC4B374CDDB39D9 /* Pods-Envelopes.release.xcconfig */,
			);
			name = Pods;
			sourceTree = "<group>";
		};
		EC28755C20014D3C0004B9CC = {
			isa = PBXGroup;
			children = (
				EC28756720014D3C0004B9CC /* Envelopes */,
				EC28756620014D3C0004B9CC /* Products */,
				102466A514FE628E5B62F54E /* Pods */,
				08BE6F3FB8D64BFA4573893A /* Frameworks */,
			);
			sourceTree = "<group>";
		};
		EC28756620014D3C0004B9CC /* Products */ = {
			isa = PBXGroup;
			children = (
				EC28756520014D3C0004B9CC /* Envelopes.app */,
			);
			name = Products;
			sourceTree = "<group>";
		};
		EC28756720014D3C0004B9CC /* Envelopes */ = {
			isa = PBXGroup;
			children = (
				EC28756820014D3C0004B9CC /* AppDelegate.swift */,
				EC287581200155280004B9CC /* State */,
				EC2D145D2006A75600EC0FE9 /* UI */,
				EC28759E2001C5B80004B9CC /* Commands */,
				ECF4059F2006829E008AA999 /* Data */,
				EC2D14822006BE2A00EC0FE9 /* Infrastructure */,
				EC287584200155B40004B9CC /* Network */,
				EC287589200158EE0004B9CC /* Resources */,
			);
			path = Envelopes;
			sourceTree = "<group>";
		};
		EC287581200155280004B9CC /* State */ = {
			isa = PBXGroup;
			children = (
				EC287582200155360004B9CC /* AppState.swift */,
				EC2D14B02007FEFB00EC0FE9 /* EnvelopeState.swift */,
				EC2D14BE20085A5400EC0FE9 /* NewEnvelopeState.swift */,
				EC2D14D42009C7B800EC0FE9 /* NewExpenseState.swift */,
				EC2D14602006A86800EC0FE9 /* LoginState.swift */,
			);
			path = State;
			sourceTree = "<group>";
		};
		EC287584200155B40004B9CC /* Network */ = {
			isa = PBXGroup;
			children = (
				EC287585200155D80004B9CC /* FirebaseNetworkAccess.swift */,
				EC28758E20015B890004B9CC /* FirebaseReactor */,
			);
			path = Network;
			sourceTree = "<group>";
		};
		EC287589200158EE0004B9CC /* Resources */ = {
			isa = PBXGroup;
			children = (
				EC28756F20014D3C0004B9CC /* Assets.xcassets */,
				EC28757420014D3C0004B9CC /* Info.plist */,
				EC28758A200159430004B9CC /* GoogleService-Info.plist */,
				EC28759C20015BBA0004B9CC /* Keys.swift */,
				EC2D149B2006C3D300EC0FE9 /* Localized.swift */,
			);
			path = Resources;
			sourceTree = "<group>";
		};
		EC28758E20015B890004B9CC /* FirebaseReactor */ = {
			isa = PBXGroup;
			children = (
				EC28759420015BA20004B9CC /* Firebase+Random.swift */,
				EC28759520015BA20004B9CC /* FirebaseReactor.h */,
				EC28759020015BA20004B9CC /* FirebaseReactorAccess.swift */,
				EC28759320015BA20004B9CC /* FirebaseReactorAuthentication.swift */,
				EC28759220015BA20004B9CC /* GenericFirebaseEvents.swift */,
				EC28758F20015BA20004B9CC /* ReactorSubscribing.swift */,
			);
			path = FirebaseReactor;
			sourceTree = "<group>";
		};
		EC28759E2001C5B80004B9CC /* Commands */ = {
			isa = PBXGroup;
			children = (
				EC2D148B2006C08900EC0FE9 /* GenericEvents.swift */,
				EC2D148D2006C09200EC0FE9 /* LoginEvents.swift */,
				EC28759F2001C7D50004B9CC /* UserCommands.swift */,
				EC2D14C22008608900EC0FE9 /* EnvelopeCommands.swift */,
			);
			path = Commands;
			sourceTree = "<group>";
		};
		EC2D145D2006A75600EC0FE9 /* UI */ = {
			isa = PBXGroup;
			children = (
				EC28756C20014D3C0004B9CC /* Main.storyboard */,
				EC28757120014D3C0004B9CC /* LaunchScreen.storyboard */,
				EC2D149D2006D0ED00EC0FE9 /* MainViewController.swift */,
				EC2D14882006BEBB00EC0FE9 /* Common */,
				EC2D14872006BEB200EC0FE9 /* Login */,
				EC2D149F2006D14300EC0FE9 /* Home */,
			);
			path = UI;
			sourceTree = "<group>";
		};
		EC2D14812006BD8000EC0FE9 /* Login Cells */ = {
			isa = PBXGroup;
			children = (
				EC2D14692006BD7900EC0FE9 /* ActionButtonCell.swift */,
				EC2D14742006BD7A00EC0FE9 /* DisclaimerCell.swift */,
				EC2D14722006BD7A00EC0FE9 /* EmailTextFieldCell.swift */,
				EC2D146A2006BD7900EC0FE9 /* FirstNameTextFieldCell.swift */,
				EC2D146B2006BD7900EC0FE9 /* ForgotPasswordButtonCell.swift */,
				EC2D146F2006BD7900EC0FE9 /* HeadlineCell.swift */,
				EC2D146C2006BD7900EC0FE9 /* LastNameTextFieldCell.swift */,
				EC2D14702006BD7900EC0FE9 /* PasswordTextFieldCell.swift */,
				EC2D146D2006BD7900EC0FE9 /* QuestionCell.swift */,
				EC2D146E2006BD7900EC0FE9 /* SeperatorCell.swift */,
				EC2D14712006BD7A00EC0FE9 /* SubHeadlineCell.swift */,
			);
			path = "Login Cells";
			sourceTree = "<group>";
		};
		EC2D14822006BE2A00EC0FE9 /* Infrastructure */ = {
			isa = PBXGroup;
			children = (
				EC2D14832006BE4A00EC0FE9 /* ReusableView.swift */,
				EC2D14852006BE9200EC0FE9 /* StoryboardInitializable.swift */,
				EC2D14B2200809D200EC0FE9 /* DateHelper.swift */,
				EC2D148F2006C0EF00EC0FE9 /* Diff.swift */,
				EC2D14912006C11000EC0FE9 /* Diff+Foundation.swift */,
				EC2D14972006C1DD00EC0FE9 /* UITableView+Extensions.swift */,
				EC2D14992006C1F600EC0FE9 /* UIColor+Extensions.swift */,
			);
			path = Infrastructure;
			sourceTree = "<group>";
		};
		EC2D14872006BEB200EC0FE9 /* Login */ = {
			isa = PBXGroup;
			children = (
				EC2D145E2006A76D00EC0FE9 /* LoginViewController.swift */,
				EC2D14642006BCF700EC0FE9 /* LoginTableViewDataSource.swift */,
				EC2D14812006BD8000EC0FE9 /* Login Cells */,
			);
			path = Login;
			sourceTree = "<group>";
		};
		EC2D14882006BEBB00EC0FE9 /* Common */ = {
			isa = PBXGroup;
			children = (
				EC2D14892006BEE100EC0FE9 /* RoundedButton.swift */,
			);
			path = Common;
			sourceTree = "<group>";
		};
		EC2D149F2006D14300EC0FE9 /* Home */ = {
			isa = PBXGroup;
			children = (
				EC2D14A22006D1AA00EC0FE9 /* Home.storyboard */,
				EC2D14A02006D16700EC0FE9 /* HomeViewController.swift */,
				EC2D14A820070C7900EC0FE9 /* EnvelopesSectionController.swift */,
				EC2D14AA2007CC9400EC0FE9 /* EnvelopeCell.swift */,
				EC2D14AB2007CC9400EC0FE9 /* EnvelopeCell.xib */,
				EC2D14C420092D1700EC0FE9 /* NewEnvelope */,
				EC2D14CF2009C5B600EC0FE9 /* Details */,
			);
			path = Home;
			sourceTree = "<group>";
		};
		EC2D14C420092D1700EC0FE9 /* NewEnvelope */ = {
			isa = PBXGroup;
			children = (
				EC2D14A42006D55300EC0FE9 /* NewEnvelopeViewController.swift */,
				EC2D14B420083B0A00EC0FE9 /* NewEnvelopeDataSource.swift */,
				EC2D14B620083B5400EC0FE9 /* EnvelopeNameCell.swift */,
				EC2D14B82008411400EC0FE9 /* AmountCell.swift */,
				EC2D14CB2009682C00EC0FE9 /* StartingAmountCell.swift */,
				EC2D14BA20084F9600EC0FE9 /* FrequencyCell.swift */,
				EC2D14BC200856C500EC0FE9 /* GoalCell.swift */,
			);
			path = NewEnvelope;
			sourceTree = "<group>";
		};
		EC2D14CF2009C5B600EC0FE9 /* Details */ = {
			isa = PBXGroup;
			children = (
				EC2D14AE2007E91700EC0FE9 /* EnvelopeDetailsViewController.swift */,
				EC2D14C72009616200EC0FE9 /* EnvelopeDetailsDataSource.swift */,
				EC2D14C52009614500EC0FE9 /* ExpensesCell.swift */,
				EC2D14C92009632A00EC0FE9 /* DetailsCell.swift */,
				EC2D14CD20097AEB00EC0FE9 /* TotalCell.swift */,
				EC2D14DC200C425800EC0FE9 /* CashCell.swift */,
				EC2D14D62009CBCE00EC0FE9 /* ExpensesViewController.swift */,
				EC2D14D82009CC9600EC0FE9 /* ExpensesDataSource.swift */,
				EC2D14DA2009D2F900EC0FE9 /* ExpenseCell.swift */,
				EC2D14D02009C5D300EC0FE9 /* NewExpenseViewController.swift */,
				EC2D14D22009C71900EC0FE9 /* NewExpenseDataSource.swift */,
			);
			path = Details;
			sourceTree = "<group>";
		};
		ECF4059F2006829E008AA999 /* Data */ = {
			isa = PBXGroup;
			children = (
				ECF405A0200682B4008AA999 /* Envelope.swift */,
				EC2D14C020085AB100EC0FE9 /* NewEnvelope.swift */,
				ECF405A22006869B008AA999 /* Weekday.swift */,
				ECF405A4200686B6008AA999 /* Expense.swift */,
				EC2D14932006C18F00EC0FE9 /* RegisteringUser.swift */,
				EC2D14DE200C879600EC0FE9 /* Quote.swift */,
			);
			path = Data;
			sourceTree = "<group>";
		};
/* End PBXGroup section */

/* Begin PBXNativeTarget section */
		EC28756420014D3C0004B9CC /* Envelopes */ = {
			isa = PBXNativeTarget;
			buildConfigurationList = EC28757720014D3C0004B9CC /* Build configuration list for PBXNativeTarget "Envelopes" */;
			buildPhases = (
				86110E3A9B10C3691F095932 /* [CP] Check Pods Manifest.lock */,
				EC28756120014D3C0004B9CC /* Sources */,
				EC28756220014D3C0004B9CC /* Frameworks */,
				EC28756320014D3C0004B9CC /* Resources */,
				7F9A13E4332E0D21F79D987F /* [CP] Embed Pods Frameworks */,
				C26D879745C436C7A0452528 /* [CP] Copy Pods Resources */,
				EC287580200153410004B9CC /* ShellScript */,
			);
			buildRules = (
			);
			dependencies = (
			);
			name = Envelopes;
			productName = Envelopes;
			productReference = EC28756520014D3C0004B9CC /* Envelopes.app */;
			productType = "com.apple.product-type.application";
		};
/* End PBXNativeTarget section */

/* Begin PBXProject section */
		EC28755D20014D3C0004B9CC /* Project object */ = {
			isa = PBXProject;
			attributes = {
				LastSwiftUpdateCheck = 0920;
				LastUpgradeCheck = 0920;
				ORGANIZATIONNAME = Dezvolta;
				TargetAttributes = {
					EC28756420014D3C0004B9CC = {
						CreatedOnToolsVersion = 9.2;
						ProvisioningStyle = Automatic;
					};
				};
			};
			buildConfigurationList = EC28756020014D3C0004B9CC /* Build configuration list for PBXProject "Envelopes" */;
			compatibilityVersion = "Xcode 8.0";
			developmentRegion = en;
			hasScannedForEncodings = 0;
			knownRegions = (
				en,
				Base,
			);
			mainGroup = EC28755C20014D3C0004B9CC;
			productRefGroup = EC28756620014D3C0004B9CC /* Products */;
			projectDirPath = "";
			projectRoot = "";
			targets = (
				EC28756420014D3C0004B9CC /* Envelopes */,
			);
		};
/* End PBXProject section */

/* Begin PBXResourcesBuildPhase section */
		EC28756320014D3C0004B9CC /* Resources */ = {
			isa = PBXResourcesBuildPhase;
			buildActionMask = 2147483647;
			files = (
				EC28757320014D3C0004B9CC /* LaunchScreen.storyboard in Resources */,
				EC2D14A32006D1AA00EC0FE9 /* Home.storyboard in Resources */,
				EC28757020014D3C0004B9CC /* Assets.xcassets in Resources */,
				EC28756E20014D3C0004B9CC /* Main.storyboard in Resources */,
				EC28758B200159430004B9CC /* GoogleService-Info.plist in Resources */,
				EC2D14AD2007CC9400EC0FE9 /* EnvelopeCell.xib in Resources */,
			);
			runOnlyForDeploymentPostprocessing = 0;
		};
/* End PBXResourcesBuildPhase section */

/* Begin PBXShellScriptBuildPhase section */
		7F9A13E4332E0D21F79D987F /* [CP] Embed Pods Frameworks */ = {
			isa = PBXShellScriptBuildPhase;
			buildActionMask = 2147483647;
			files = (
			);
			inputPaths = (
			);
			name = "[CP] Embed Pods Frameworks";
			outputPaths = (
			);
			runOnlyForDeploymentPostprocessing = 0;
			shellPath = /bin/sh;
			shellScript = "\"${SRCROOT}/Pods/Target Support Files/Pods-Envelopes/Pods-Envelopes-frameworks.sh\"\n";
			showEnvVarsInLog = 0;
		};
		86110E3A9B10C3691F095932 /* [CP] Check Pods Manifest.lock */ = {
			isa = PBXShellScriptBuildPhase;
			buildActionMask = 2147483647;
			files = (
			);
			inputPaths = (
			);
			name = "[CP] Check Pods Manifest.lock";
			outputPaths = (
			);
			runOnlyForDeploymentPostprocessing = 0;
			shellPath = /bin/sh;
			shellScript = "diff \"${PODS_ROOT}/../Podfile.lock\" \"${PODS_ROOT}/Manifest.lock\" > /dev/null\nif [ $? != 0 ] ; then\n    # print error to STDERR\n    echo \"error: The sandbox is not in sync with the Podfile.lock. Run 'pod install' or update your CocoaPods installation.\" >&2\n    exit 1\nfi\n";
			showEnvVarsInLog = 0;
		};
		C26D879745C436C7A0452528 /* [CP] Copy Pods Resources */ = {
			isa = PBXShellScriptBuildPhase;
			buildActionMask = 2147483647;
			files = (
			);
			inputPaths = (
			);
			name = "[CP] Copy Pods Resources";
			outputPaths = (
			);
			runOnlyForDeploymentPostprocessing = 0;
			shellPath = /bin/sh;
			shellScript = "\"${SRCROOT}/Pods/Target Support Files/Pods-Envelopes/Pods-Envelopes-resources.sh\"\n";
			showEnvVarsInLog = 0;
		};
		EC287580200153410004B9CC /* ShellScript */ = {
			isa = PBXShellScriptBuildPhase;
			buildActionMask = 12;
			files = (
			);
			inputPaths = (
				"$(SRCROOT)/Carthage/Build/iOS/Reactor.framework",
				"$(SRCROOT)/Carthage/Build/iOS/Marshal.framework",
				"$(SRCROOT)/Carthage/Build/iOS/IGListKit.framework",
			);
			outputPaths = (
			);
			runOnlyForDeploymentPostprocessing = 0;
			shellPath = /bin/sh;
			shellScript = "/usr/local/bin/carthage copy-frameworks";
			showEnvVarsInLog = 0;
		};
/* End PBXShellScriptBuildPhase section */

/* Begin PBXSourcesBuildPhase section */
		EC28756120014D3C0004B9CC /* Sources */ = {
			isa = PBXSourcesBuildPhase;
			buildActionMask = 2147483647;
			files = (
				EC2D14B720083B5400EC0FE9 /* EnvelopeNameCell.swift in Sources */,
				EC2D148C2006C08900EC0FE9 /* GenericEvents.swift in Sources */,
				EC2D14A52006D55300EC0FE9 /* NewEnvelopeViewController.swift in Sources */,
				ECF405A5200686B6008AA999 /* Expense.swift in Sources */,
				EC2D14952006C18F00EC0FE9 /* RegisteringUser.swift in Sources */,
				EC2D14772006BD7A00EC0FE9 /* ForgotPasswordButtonCell.swift in Sources */,
				EC2D147D2006BD7A00EC0FE9 /* SubHeadlineCell.swift in Sources */,
				EC2D14C62009614500EC0FE9 /* ExpensesCell.swift in Sources */,
				EC2D14D72009CBCE00EC0FE9 /* ExpensesViewController.swift in Sources */,
				EC2D148A2006BEE100EC0FE9 /* RoundedButton.swift in Sources */,
				EC2875A02001C7D50004B9CC /* UserCommands.swift in Sources */,
				EC287583200155360004B9CC /* AppState.swift in Sources */,
				EC2D145F2006A76D00EC0FE9 /* LoginViewController.swift in Sources */,
				EC2D148E2006C09200EC0FE9 /* LoginEvents.swift in Sources */,
				EC2D14612006A86800EC0FE9 /* LoginState.swift in Sources */,
				EC2D14922006C11000EC0FE9 /* Diff+Foundation.swift in Sources */,
				EC2D14842006BE4A00EC0FE9 /* ReusableView.swift in Sources */,
				EC2D14DB2009D2F900EC0FE9 /* ExpenseCell.swift in Sources */,
				EC2D14C120085AB100EC0FE9 /* NewEnvelope.swift in Sources */,
				EC2D14CA2009632A00EC0FE9 /* DetailsCell.swift in Sources */,
				EC2D147B2006BD7A00EC0FE9 /* HeadlineCell.swift in Sources */,
				EC2D14982006C1DD00EC0FE9 /* UITableView+Extensions.swift in Sources */,
				EC2D149A2006C1F600EC0FE9 /* UIColor+Extensions.swift in Sources */,
				EC2D14AF2007E91700EC0FE9 /* EnvelopeDetailsViewController.swift in Sources */,
				EC2D14792006BD7A00EC0FE9 /* QuestionCell.swift in Sources */,
				EC2D14782006BD7A00EC0FE9 /* LastNameTextFieldCell.swift in Sources */,
				EC2D14AC2007CC9400EC0FE9 /* EnvelopeCell.swift in Sources */,
				EC2D14D52009C7B800EC0FE9 /* NewExpenseState.swift in Sources */,
				EC2D14CC2009682C00EC0FE9 /* StartingAmountCell.swift in Sources */,
				EC2D14BF20085A5400EC0FE9 /* NewEnvelopeState.swift in Sources */,
				EC2D14C82009616200EC0FE9 /* EnvelopeDetailsDataSource.swift in Sources */,
				EC2D14B3200809D200EC0FE9 /* DateHelper.swift in Sources */,
				EC2D14B12007FEFB00EC0FE9 /* EnvelopeState.swift in Sources */,
				EC2D14762006BD7A00EC0FE9 /* FirstNameTextFieldCell.swift in Sources */,
				EC2D14902006C0EF00EC0FE9 /* Diff.swift in Sources */,
				EC2D14BD200856C500EC0FE9 /* GoalCell.swift in Sources */,
				EC2D14B520083B0A00EC0FE9 /* NewEnvelopeDataSource.swift in Sources */,
				EC28759920015BA20004B9CC /* GenericFirebaseEvents.swift in Sources */,
				EC2D14D32009C71900EC0FE9 /* NewExpenseDataSource.swift in Sources */,
				EC2D14A920070C7900EC0FE9 /* EnvelopesSectionController.swift in Sources */,
				EC28756920014D3C0004B9CC /* AppDelegate.swift in Sources */,
				EC2D14802006BD7A00EC0FE9 /* DisclaimerCell.swift in Sources */,
				EC2D14D92009CC9600EC0FE9 /* ExpensesDataSource.swift in Sources */,
				EC2D14D12009C5D300EC0FE9 /* NewExpenseViewController.swift in Sources */,
				EC28759620015BA20004B9CC /* ReactorSubscribing.swift in Sources */,
				EC2D147E2006BD7A00EC0FE9 /* EmailTextFieldCell.swift in Sources */,
				EC287586200155D80004B9CC /* FirebaseNetworkAccess.swift in Sources */,
				EC2D14CE20097AEB00EC0FE9 /* TotalCell.swift in Sources */,
				EC2D14C32008608900EC0FE9 /* EnvelopeCommands.swift in Sources */,
				EC2D14DF200C879600EC0FE9 /* Quote.swift in Sources */,
				EC2D147C2006BD7A00EC0FE9 /* PasswordTextFieldCell.swift in Sources */,
				EC2D149E2006D0ED00EC0FE9 /* MainViewController.swift in Sources */,
				ECF405A1200682B4008AA999 /* Envelope.swift in Sources */,
				ECF405A32006869B008AA999 /* Weekday.swift in Sources */,
				EC28759B20015BA20004B9CC /* Firebase+Random.swift in Sources */,
				EC28759720015BA20004B9CC /* FirebaseReactorAccess.swift in Sources */,
				EC2D14652006BCF700EC0FE9 /* LoginTableViewDataSource.swift in Sources */,
				EC2D14DD200C425800EC0FE9 /* CashCell.swift in Sources */,
				EC2D147A2006BD7A00EC0FE9 /* SeperatorCell.swift in Sources */,
				EC2D14862006BE9200EC0FE9 /* StoryboardInitializable.swift in Sources */,
				EC2D14A12006D16700EC0FE9 /* HomeViewController.swift in Sources */,
				EC2D14B92008411400EC0FE9 /* AmountCell.swift in Sources */,
				EC2D14752006BD7A00EC0FE9 /* ActionButtonCell.swift in Sources */,
				EC2D14BB20084F9600EC0FE9 /* FrequencyCell.swift in Sources */,
				EC28759A20015BA20004B9CC /* FirebaseReactorAuthentication.swift in Sources */,
				EC2D149C2006C3D300EC0FE9 /* Localized.swift in Sources */,
				EC28759D20015BBA0004B9CC /* Keys.swift in Sources */,
			);
			runOnlyForDeploymentPostprocessing = 0;
		};
/* End PBXSourcesBuildPhase section */

/* Begin PBXVariantGroup section */
		EC28756C20014D3C0004B9CC /* Main.storyboard */ = {
			isa = PBXVariantGroup;
			children = (
				EC28756D20014D3C0004B9CC /* Base */,
			);
			name = Main.storyboard;
			sourceTree = "<group>";
		};
		EC28757120014D3C0004B9CC /* LaunchScreen.storyboard */ = {
			isa = PBXVariantGroup;
			children = (
				EC28757220014D3C0004B9CC /* Base */,
			);
			name = LaunchScreen.storyboard;
			sourceTree = "<group>";
		};
/* End PBXVariantGroup section */

/* Begin XCBuildConfiguration section */
		EC28757520014D3C0004B9CC /* Debug */ = {
			isa = XCBuildConfiguration;
			buildSettings = {
				ALWAYS_SEARCH_USER_PATHS = NO;
				CLANG_ANALYZER_NONNULL = YES;
				CLANG_ANALYZER_NUMBER_OBJECT_CONVERSION = YES_AGGRESSIVE;
				CLANG_CXX_LANGUAGE_STANDARD = "gnu++14";
				CLANG_CXX_LIBRARY = "libc++";
				CLANG_ENABLE_MODULES = YES;
				CLANG_ENABLE_OBJC_ARC = YES;
				CLANG_WARN_BLOCK_CAPTURE_AUTORELEASING = YES;
				CLANG_WARN_BOOL_CONVERSION = YES;
				CLANG_WARN_COMMA = YES;
				CLANG_WARN_CONSTANT_CONVERSION = YES;
				CLANG_WARN_DIRECT_OBJC_ISA_USAGE = YES_ERROR;
				CLANG_WARN_DOCUMENTATION_COMMENTS = YES;
				CLANG_WARN_EMPTY_BODY = YES;
				CLANG_WARN_ENUM_CONVERSION = YES;
				CLANG_WARN_INFINITE_RECURSION = YES;
				CLANG_WARN_INT_CONVERSION = YES;
				CLANG_WARN_NON_LITERAL_NULL_CONVERSION = YES;
				CLANG_WARN_OBJC_LITERAL_CONVERSION = YES;
				CLANG_WARN_OBJC_ROOT_CLASS = YES_ERROR;
				CLANG_WARN_RANGE_LOOP_ANALYSIS = YES;
				CLANG_WARN_STRICT_PROTOTYPES = YES;
				CLANG_WARN_SUSPICIOUS_MOVE = YES;
				CLANG_WARN_UNGUARDED_AVAILABILITY = YES_AGGRESSIVE;
				CLANG_WARN_UNREACHABLE_CODE = YES;
				CLANG_WARN__DUPLICATE_METHOD_MATCH = YES;
				CODE_SIGN_IDENTITY = "iPhone Developer";
				COPY_PHASE_STRIP = NO;
				DEBUG_INFORMATION_FORMAT = dwarf;
				ENABLE_STRICT_OBJC_MSGSEND = YES;
				ENABLE_TESTABILITY = YES;
				GCC_C_LANGUAGE_STANDARD = gnu11;
				GCC_DYNAMIC_NO_PIC = NO;
				GCC_NO_COMMON_BLOCKS = YES;
				GCC_OPTIMIZATION_LEVEL = 0;
				GCC_PREPROCESSOR_DEFINITIONS = (
					"DEBUG=1",
					"$(inherited)",
				);
				GCC_WARN_64_TO_32_BIT_CONVERSION = YES;
				GCC_WARN_ABOUT_RETURN_TYPE = YES_ERROR;
				GCC_WARN_UNDECLARED_SELECTOR = YES;
				GCC_WARN_UNINITIALIZED_AUTOS = YES_AGGRESSIVE;
				GCC_WARN_UNUSED_FUNCTION = YES;
				GCC_WARN_UNUSED_VARIABLE = YES;
				IPHONEOS_DEPLOYMENT_TARGET = 11.2;
				MTL_ENABLE_DEBUG_INFO = YES;
				ONLY_ACTIVE_ARCH = YES;
				SDKROOT = iphoneos;
				SWIFT_ACTIVE_COMPILATION_CONDITIONS = DEBUG;
				SWIFT_OPTIMIZATION_LEVEL = "-Onone";
			};
			name = Debug;
		};
		EC28757620014D3C0004B9CC /* Release */ = {
			isa = XCBuildConfiguration;
			buildSettings = {
				ALWAYS_SEARCH_USER_PATHS = NO;
				CLANG_ANALYZER_NONNULL = YES;
				CLANG_ANALYZER_NUMBER_OBJECT_CONVERSION = YES_AGGRESSIVE;
				CLANG_CXX_LANGUAGE_STANDARD = "gnu++14";
				CLANG_CXX_LIBRARY = "libc++";
				CLANG_ENABLE_MODULES = YES;
				CLANG_ENABLE_OBJC_ARC = YES;
				CLANG_WARN_BLOCK_CAPTURE_AUTORELEASING = YES;
				CLANG_WARN_BOOL_CONVERSION = YES;
				CLANG_WARN_COMMA = YES;
				CLANG_WARN_CONSTANT_CONVERSION = YES;
				CLANG_WARN_DIRECT_OBJC_ISA_USAGE = YES_ERROR;
				CLANG_WARN_DOCUMENTATION_COMMENTS = YES;
				CLANG_WARN_EMPTY_BODY = YES;
				CLANG_WARN_ENUM_CONVERSION = YES;
				CLANG_WARN_INFINITE_RECURSION = YES;
				CLANG_WARN_INT_CONVERSION = YES;
				CLANG_WARN_NON_LITERAL_NULL_CONVERSION = YES;
				CLANG_WARN_OBJC_LITERAL_CONVERSION = YES;
				CLANG_WARN_OBJC_ROOT_CLASS = YES_ERROR;
				CLANG_WARN_RANGE_LOOP_ANALYSIS = YES;
				CLANG_WARN_STRICT_PROTOTYPES = YES;
				CLANG_WARN_SUSPICIOUS_MOVE = YES;
				CLANG_WARN_UNGUARDED_AVAILABILITY = YES_AGGRESSIVE;
				CLANG_WARN_UNREACHABLE_CODE = YES;
				CLANG_WARN__DUPLICATE_METHOD_MATCH = YES;
				CODE_SIGN_IDENTITY = "iPhone Developer";
				COPY_PHASE_STRIP = NO;
				DEBUG_INFORMATION_FORMAT = "dwarf-with-dsym";
				ENABLE_NS_ASSERTIONS = NO;
				ENABLE_STRICT_OBJC_MSGSEND = YES;
				GCC_C_LANGUAGE_STANDARD = gnu11;
				GCC_NO_COMMON_BLOCKS = YES;
				GCC_WARN_64_TO_32_BIT_CONVERSION = YES;
				GCC_WARN_ABOUT_RETURN_TYPE = YES_ERROR;
				GCC_WARN_UNDECLARED_SELECTOR = YES;
				GCC_WARN_UNINITIALIZED_AUTOS = YES_AGGRESSIVE;
				GCC_WARN_UNUSED_FUNCTION = YES;
				GCC_WARN_UNUSED_VARIABLE = YES;
				IPHONEOS_DEPLOYMENT_TARGET = 11.2;
				MTL_ENABLE_DEBUG_INFO = NO;
				SDKROOT = iphoneos;
				SWIFT_OPTIMIZATION_LEVEL = "-Owholemodule";
				VALIDATE_PRODUCT = YES;
			};
			name = Release;
		};
		EC28757820014D3C0004B9CC /* Debug */ = {
			isa = XCBuildConfiguration;
			baseConfigurationReference = 159B8ABBAF4C6256C685662E /* Pods-Envelopes.debug.xcconfig */;
			buildSettings = {
				ASSETCATALOG_COMPILER_APPICON_NAME = AppIcon;
				CODE_SIGN_STYLE = Automatic;
				DEVELOPMENT_TEAM = 92H4P6C5WB;
				FRAMEWORK_SEARCH_PATHS = (
					"$(inherited)",
					"$(PROJECT_DIR)/Carthage/Build/iOS",
				);
				INFOPLIST_FILE = "$(SRCROOT)/Envelopes/Resources/Info.plist";
				LD_RUNPATH_SEARCH_PATHS = "$(inherited) @executable_path/Frameworks";
				PRODUCT_BUNDLE_IDENTIFIER = com.derikflanary.Envelopes;
				PRODUCT_NAME = "$(TARGET_NAME)";
				SWIFT_VERSION = 4.0;
				TARGETED_DEVICE_FAMILY = "1,2";
			};
			name = Debug;
		};
		EC28757920014D3C0004B9CC /* Release */ = {
			isa = XCBuildConfiguration;
			baseConfigurationReference = 40CFCF9E9FC4B374CDDB39D9 /* Pods-Envelopes.release.xcconfig */;
			buildSettings = {
				ASSETCATALOG_COMPILER_APPICON_NAME = AppIcon;
				CODE_SIGN_STYLE = Automatic;
				DEVELOPMENT_TEAM = 92H4P6C5WB;
				FRAMEWORK_SEARCH_PATHS = (
					"$(inherited)",
					"$(PROJECT_DIR)/Carthage/Build/iOS",
				);
				INFOPLIST_FILE = "$(SRCROOT)/Envelopes/Resources/Info.plist";
				LD_RUNPATH_SEARCH_PATHS = "$(inherited) @executable_path/Frameworks";
				PRODUCT_BUNDLE_IDENTIFIER = com.derikflanary.Envelopes;
				PRODUCT_NAME = "$(TARGET_NAME)";
				SWIFT_VERSION = 4.0;
				TARGETED_DEVICE_FAMILY = "1,2";
			};
			name = Release;
		};
/* End XCBuildConfiguration section */

/* Begin XCConfigurationList section */
		EC28756020014D3C0004B9CC /* Build configuration list for PBXProject "Envelopes" */ = {
			isa = XCConfigurationList;
			buildConfigurations = (
				EC28757520014D3C0004B9CC /* Debug */,
				EC28757620014D3C0004B9CC /* Release */,
			);
			defaultConfigurationIsVisible = 0;
			defaultConfigurationName = Release;
		};
		EC28757720014D3C0004B9CC /* Build configuration list for PBXNativeTarget "Envelopes" */ = {
			isa = XCConfigurationList;
			buildConfigurations = (
				EC28757820014D3C0004B9CC /* Debug */,
				EC28757920014D3C0004B9CC /* Release */,
			);
			defaultConfigurationIsVisible = 0;
			defaultConfigurationName = Release;
		};
/* End XCConfigurationList section */
	};
	rootObject = EC28755D20014D3C0004B9CC /* Project object */;
}
