// !$*UTF8*$!
{
	archiveVersion = 1;
	classes = {
	};
	objectVersion = 48;
	objects = {

/* Begin PBXBuildFile section */
		DA5057191BDF567FC526F3D3 /* Pods_Envelopes.framework in Frameworks */ = {isa = PBXBuildFile; fileRef = 26ECEF557B37861F46840382 /* Pods_Envelopes.framework */; };
		EC28756920014D3C0004B9CC /* AppDelegate.swift in Sources */ = {isa = PBXBuildFile; fileRef = EC28756820014D3C0004B9CC /* AppDelegate.swift */; };
		EC28756B20014D3C0004B9CC /* ViewController.swift in Sources */ = {isa = PBXBuildFile; fileRef = EC28756A20014D3C0004B9CC /* ViewController.swift */; };
		EC28756E20014D3C0004B9CC /* Main.storyboard in Resources */ = {isa = PBXBuildFile; fileRef = EC28756C20014D3C0004B9CC /* Main.storyboard */; };
		EC28757020014D3C0004B9CC /* Assets.xcassets in Resources */ = {isa = PBXBuildFile; fileRef = EC28756F20014D3C0004B9CC /* Assets.xcassets */; };
		EC28757320014D3C0004B9CC /* LaunchScreen.storyboard in Resources */ = {isa = PBXBuildFile; fileRef = EC28757120014D3C0004B9CC /* LaunchScreen.storyboard */; };
		EC28757D20014E360004B9CC /* GoogleService-Info.plist in Resources */ = {isa = PBXBuildFile; fileRef = EC28757C20014E360004B9CC /* GoogleService-Info.plist */; };
/* End PBXBuildFile section */

/* Begin PBXFileReference section */
		159B8ABBAF4C6256C685662E /* Pods-Envelopes.debug.xcconfig */ = {isa = PBXFileReference; includeInIndex = 1; lastKnownFileType = text.xcconfig; name = "Pods-Envelopes.debug.xcconfig"; path = "Pods/Target Support Files/Pods-Envelopes/Pods-Envelopes.debug.xcconfig"; sourceTree = "<group>"; };
		26ECEF557B37861F46840382 /* Pods_Envelopes.framework */ = {isa = PBXFileReference; explicitFileType = wrapper.framework; includeInIndex = 0; path = Pods_Envelopes.framework; sourceTree = BUILT_PRODUCTS_DIR; };
		40CFCF9E9FC4B374CDDB39D9 /* Pods-Envelopes.release.xcconfig */ = {isa = PBXFileReference; includeInIndex = 1; lastKnownFileType = text.xcconfig; name = "Pods-Envelopes.release.xcconfig"; path = "Pods/Target Support Files/Pods-Envelopes/Pods-Envelopes.release.xcconfig"; sourceTree = "<group>"; };
		EC28756520014D3C0004B9CC /* Envelopes.app */ = {isa = PBXFileReference; explicitFileType = wrapper.application; includeInIndex = 0; path = Envelopes.app; sourceTree = BUILT_PRODUCTS_DIR; };
		EC28756820014D3C0004B9CC /* AppDelegate.swift */ = {isa = PBXFileReference; lastKnownFileType = sourcecode.swift; path = AppDelegate.swift; sourceTree = "<group>"; };
		EC28756A20014D3C0004B9CC /* ViewController.swift */ = {isa = PBXFileReference; lastKnownFileType = sourcecode.swift; path = ViewController.swift; sourceTree = "<group>"; };
		EC28756D20014D3C0004B9CC /* Base */ = {isa = PBXFileReference; lastKnownFileType = file.storyboard; name = Base; path = Base.lproj/Main.storyboard; sourceTree = "<group>"; };
		EC28756F20014D3C0004B9CC /* Assets.xcassets */ = {isa = PBXFileReference; lastKnownFileType = folder.assetcatalog; path = Assets.xcassets; sourceTree = "<group>"; };
		EC28757220014D3C0004B9CC /* Base */ = {isa = PBXFileReference; lastKnownFileType = file.storyboard; name = Base; path = Base.lproj/LaunchScreen.storyboard; sourceTree = "<group>"; };
		EC28757420014D3C0004B9CC /* Info.plist */ = {isa = PBXFileReference; lastKnownFileType = text.plist.xml; path = Info.plist; sourceTree = "<group>"; };
		EC28757C20014E360004B9CC /* GoogleService-Info.plist */ = {isa = PBXFileReference; fileEncoding = 4; lastKnownFileType = text.plist.xml; path = "GoogleService-Info.plist"; sourceTree = SOURCE_ROOT; };
/* End PBXFileReference section */

/* Begin PBXFrameworksBuildPhase section */
		EC28756220014D3C0004B9CC /* Frameworks */ = {
			isa = PBXFrameworksBuildPhase;
			buildActionMask = 2147483647;
			files = (
				DA5057191BDF567FC526F3D3 /* Pods_Envelopes.framework in Frameworks */,
			);
			runOnlyForDeploymentPostprocessing = 0;
		};
/* End PBXFrameworksBuildPhase section */

/* Begin PBXGroup section */
		08BE6F3FB8D64BFA4573893A /* Frameworks */ = {
			isa = PBXGroup;
			children = (
				26ECEF557B37861F46840382 /* Pods_Envelopes.framework */,
			);
			name = Frameworks;
			sourceTree = "<group>";
		};
		102466A514FE628E5B62F54E /* Pods */ = {
			isa = PBXGroup;
			children = (
				159B8ABBAF4C6256C685662E /* Pods-Envelopes.debug.xcconfig */,
				40CFCF9E9FC4B374CDDB39D9 /* Pods-Envelopes.release.xcconfig */,
			);
			name = Pods;
			sourceTree = "<group>";
		};
		EC28755C20014D3C0004B9CC = {
			isa = PBXGroup;
			children = (
				EC28756720014D3C0004B9CC /* Envelopes */,
				EC28756620014D3C0004B9CC /* Products */,
				102466A514FE628E5B62F54E /* Pods */,
				08BE6F3FB8D64BFA4573893A /* Frameworks */,
			);
			sourceTree = "<group>";
		};
		EC28756620014D3C0004B9CC /* Products */ = {
			isa = PBXGroup;
			children = (
				EC28756520014D3C0004B9CC /* Envelopes.app */,
			);
			name = Products;
			sourceTree = "<group>";
		};
		EC28756720014D3C0004B9CC /* Envelopes */ = {
			isa = PBXGroup;
			children = (
				EC28756820014D3C0004B9CC /* AppDelegate.swift */,
				EC28756A20014D3C0004B9CC /* ViewController.swift */,
				EC28756C20014D3C0004B9CC /* Main.storyboard */,
				EC28756F20014D3C0004B9CC /* Assets.xcassets */,
				EC28757120014D3C0004B9CC /* LaunchScreen.storyboard */,
				EC28757420014D3C0004B9CC /* Info.plist */,
				EC28757C20014E360004B9CC /* GoogleService-Info.plist */,
			);
			path = Envelopes;
			sourceTree = "<group>";
		};
/* End PBXGroup section */

/* Begin PBXNativeTarget section */
		EC28756420014D3C0004B9CC /* Envelopes */ = {
			isa = PBXNativeTarget;
			buildConfigurationList = EC28757720014D3C0004B9CC /* Build configuration list for PBXNativeTarget "Envelopes" */;
			buildPhases = (
				86110E3A9B10C3691F095932 /* [CP] Check Pods Manifest.lock */,
				EC28756120014D3C0004B9CC /* Sources */,
				EC28756220014D3C0004B9CC /* Frameworks */,
				EC28756320014D3C0004B9CC /* Resources */,
				7F9A13E4332E0D21F79D987F /* [CP] Embed Pods Frameworks */,
				C26D879745C436C7A0452528 /* [CP] Copy Pods Resources */,
			);
			buildRules = (
			);
			dependencies = (
			);
			name = Envelopes;
			productName = Envelopes;
			productReference = EC28756520014D3C0004B9CC /* Envelopes.app */;
			productType = "com.apple.product-type.application";
		};
/* End PBXNativeTarget section */

/* Begin PBXProject section */
		EC28755D20014D3C0004B9CC /* Project object */ = {
			isa = PBXProject;
			attributes = {
				LastSwiftUpdateCheck = 0920;
				LastUpgradeCheck = 0920;
				ORGANIZATIONNAME = Dezvolta;
				TargetAttributes = {
					EC28756420014D3C0004B9CC = {
						CreatedOnToolsVersion = 9.2;
						ProvisioningStyle = Automatic;
					};
				};
			};
			buildConfigurationList = EC28756020014D3C0004B9CC /* Build configuration list for PBXProject "Envelopes" */;
			compatibilityVersion = "Xcode 8.0";
			developmentRegion = en;
			hasScannedForEncodings = 0;
			knownRegions = (
				en,
				Base,
			);
			mainGroup = EC28755C20014D3C0004B9CC;
			productRefGroup = EC28756620014D3C0004B9CC /* Products */;
			projectDirPath = "";
			projectRoot = "";
			targets = (
				EC28756420014D3C0004B9CC /* Envelopes */,
			);
		};
/* End PBXProject section */

/* Begin PBXResourcesBuildPhase section */
		EC28756320014D3C0004B9CC /* Resources */ = {
			isa = PBXResourcesBuildPhase;
			buildActionMask = 2147483647;
			files = (
				EC28757320014D3C0004B9CC /* LaunchScreen.storyboard in Resources */,
				EC28757D20014E360004B9CC /* GoogleService-Info.plist in Resources */,
				EC28757020014D3C0004B9CC /* Assets.xcassets in Resources */,
				EC28756E20014D3C0004B9CC /* Main.storyboard in Resources */,
			);
			runOnlyForDeploymentPostprocessing = 0;
		};
/* End PBXResourcesBuildPhase section */

/* Begin PBXShellScriptBuildPhase section */
		7F9A13E4332E0D21F79D987F /* [CP] Embed Pods Frameworks */ = {
			isa = PBXShellScriptBuildPhase;
			buildActionMask = 2147483647;
			files = (
			);
			inputPaths = (
			);
			name = "[CP] Embed Pods Frameworks";
			outputPaths = (
			);
			runOnlyForDeploymentPostprocessing = 0;
			shellPath = /bin/sh;
			shellScript = "\"${SRCROOT}/Pods/Target Support Files/Pods-Envelopes/Pods-Envelopes-frameworks.sh\"\n";
			showEnvVarsInLog = 0;
		};
		86110E3A9B10C3691F095932 /* [CP] Check Pods Manifest.lock */ = {
			isa = PBXShellScriptBuildPhase;
			buildActionMask = 2147483647;
			files = (
			);
			inputPaths = (
			);
			name = "[CP] Check Pods Manifest.lock";
			outputPaths = (
			);
			runOnlyForDeploymentPostprocessing = 0;
			shellPath = /bin/sh;
			shellScript = "diff \"${PODS_ROOT}/../Podfile.lock\" \"${PODS_ROOT}/Manifest.lock\" > /dev/null\nif [ $? != 0 ] ; then\n    # print error to STDERR\n    echo \"error: The sandbox is not in sync with the Podfile.lock. Run 'pod install' or update your CocoaPods installation.\" >&2\n    exit 1\nfi\n";
			showEnvVarsInLog = 0;
		};
		C26D879745C436C7A0452528 /* [CP] Copy Pods Resources */ = {
			isa = PBXShellScriptBuildPhase;
			buildActionMask = 2147483647;
			files = (
			);
			inputPaths = (
			);
			name = "[CP] Copy Pods Resources";
			outputPaths = (
			);
			runOnlyForDeploymentPostprocessing = 0;
			shellPath = /bin/sh;
			shellScript = "\"${SRCROOT}/Pods/Target Support Files/Pods-Envelopes/Pods-Envelopes-resources.sh\"\n";
			showEnvVarsInLog = 0;
		};
/* End PBXShellScriptBuildPhase section */

/* Begin PBXSourcesBuildPhase section */
		EC28756120014D3C0004B9CC /* Sources */ = {
			isa = PBXSourcesBuildPhase;
			buildActionMask = 2147483647;
			files = (
				EC28756B20014D3C0004B9CC /* ViewController.swift in Sources */,
				EC28756920014D3C0004B9CC /* AppDelegate.swift in Sources */,
			);
			runOnlyForDeploymentPostprocessing = 0;
		};
/* End PBXSourcesBuildPhase section */

/* Begin PBXVariantGroup section */
		EC28756C20014D3C0004B9CC /* Main.storyboard */ = {
			isa = PBXVariantGroup;
			children = (
				EC28756D20014D3C0004B9CC /* Base */,
			);
			name = Main.storyboard;
			sourceTree = "<group>";
		};
		EC28757120014D3C0004B9CC /* LaunchScreen.storyboard */ = {
			isa = PBXVariantGroup;
			children = (
				EC28757220014D3C0004B9CC /* Base */,
			);
			name = LaunchScreen.storyboard;
			sourceTree = "<group>";
		};
/* End PBXVariantGroup section */

/* Begin XCBuildConfiguration section */
		EC28757520014D3C0004B9CC /* Debug */ = {
			isa = XCBuildConfiguration;
			buildSettings = {
				ALWAYS_SEARCH_USER_PATHS = NO;
				CLANG_ANALYZER_NONNULL = YES;
				CLANG_ANALYZER_NUMBER_OBJECT_CONVERSION = YES_AGGRESSIVE;
				CLANG_CXX_LANGUAGE_STANDARD = "gnu++14";
				CLANG_CXX_LIBRARY = "libc++";
				CLANG_ENABLE_MODULES = YES;
				CLANG_ENABLE_OBJC_ARC = YES;
				CLANG_WARN_BLOCK_CAPTURE_AUTORELEASING = YES;
				CLANG_WARN_BOOL_CONVERSION = YES;
				CLANG_WARN_COMMA = YES;
				CLANG_WARN_CONSTANT_CONVERSION = YES;
				CLANG_WARN_DIRECT_OBJC_ISA_USAGE = YES_ERROR;
				CLANG_WARN_DOCUMENTATION_COMMENTS = YES;
				CLANG_WARN_EMPTY_BODY = YES;
				CLANG_WARN_ENUM_CONVERSION = YES;
				CLANG_WARN_INFINITE_RECURSION = YES;
				CLANG_WARN_INT_CONVERSION = YES;
				CLANG_WARN_NON_LITERAL_NULL_CONVERSION = YES;
				CLANG_WARN_OBJC_LITERAL_CONVERSION = YES;
				CLANG_WARN_OBJC_ROOT_CLASS = YES_ERROR;
				CLANG_WARN_RANGE_LOOP_ANALYSIS = YES;
				CLANG_WARN_STRICT_PROTOTYPES = YES;
				CLANG_WARN_SUSPICIOUS_MOVE = YES;
				CLANG_WARN_UNGUARDED_AVAILABILITY = YES_AGGRESSIVE;
				CLANG_WARN_UNREACHABLE_CODE = YES;
				CLANG_WARN__DUPLICATE_METHOD_MATCH = YES;
				CODE_SIGN_IDENTITY = "iPhone Developer";
				COPY_PHASE_STRIP = NO;
				DEBUG_INFORMATION_FORMAT = dwarf;
				ENABLE_STRICT_OBJC_MSGSEND = YES;
				ENABLE_TESTABILITY = YES;
				GCC_C_LANGUAGE_STANDARD = gnu11;
				GCC_DYNAMIC_NO_PIC = NO;
				GCC_NO_COMMON_BLOCKS = YES;
				GCC_OPTIMIZATION_LEVEL = 0;
				GCC_PREPROCESSOR_DEFINITIONS = (
					"DEBUG=1",
					"$(inherited)",
				);
				GCC_WARN_64_TO_32_BIT_CONVERSION = YES;
				GCC_WARN_ABOUT_RETURN_TYPE = YES_ERROR;
				GCC_WARN_UNDECLARED_SELECTOR = YES;
				GCC_WARN_UNINITIALIZED_AUTOS = YES_AGGRESSIVE;
				GCC_WARN_UNUSED_FUNCTION = YES;
				GCC_WARN_UNUSED_VARIABLE = YES;
				IPHONEOS_DEPLOYMENT_TARGET = 11.2;
				MTL_ENABLE_DEBUG_INFO = YES;
				ONLY_ACTIVE_ARCH = YES;
				SDKROOT = iphoneos;
				SWIFT_ACTIVE_COMPILATION_CONDITIONS = DEBUG;
				SWIFT_OPTIMIZATION_LEVEL = "-Onone";
			};
			name = Debug;
		};
		EC28757620014D3C0004B9CC /* Release */ = {
			isa = XCBuildConfiguration;
			buildSettings = {
				ALWAYS_SEARCH_USER_PATHS = NO;
				CLANG_ANALYZER_NONNULL = YES;
				CLANG_ANALYZER_NUMBER_OBJECT_CONVERSION = YES_AGGRESSIVE;
				CLANG_CXX_LANGUAGE_STANDARD = "gnu++14";
				CLANG_CXX_LIBRARY = "libc++";
				CLANG_ENABLE_MODULES = YES;
				CLANG_ENABLE_OBJC_ARC = YES;
				CLANG_WARN_BLOCK_CAPTURE_AUTORELEASING = YES;
				CLANG_WARN_BOOL_CONVERSION = YES;
				CLANG_WARN_COMMA = YES;
				CLANG_WARN_CONSTANT_CONVERSION = YES;
				CLANG_WARN_DIRECT_OBJC_ISA_USAGE = YES_ERROR;
				CLANG_WARN_DOCUMENTATION_COMMENTS = YES;
				CLANG_WARN_EMPTY_BODY = YES;
				CLANG_WARN_ENUM_CONVERSION = YES;
				CLANG_WARN_INFINITE_RECURSION = YES;
				CLANG_WARN_INT_CONVERSION = YES;
				CLANG_WARN_NON_LITERAL_NULL_CONVERSION = YES;
				CLANG_WARN_OBJC_LITERAL_CONVERSION = YES;
				CLANG_WARN_OBJC_ROOT_CLASS = YES_ERROR;
				CLANG_WARN_RANGE_LOOP_ANALYSIS = YES;
				CLANG_WARN_STRICT_PROTOTYPES = YES;
				CLANG_WARN_SUSPICIOUS_MOVE = YES;
				CLANG_WARN_UNGUARDED_AVAILABILITY = YES_AGGRESSIVE;
				CLANG_WARN_UNREACHABLE_CODE = YES;
				CLANG_WARN__DUPLICATE_METHOD_MATCH = YES;
				CODE_SIGN_IDENTITY = "iPhone Developer";
				COPY_PHASE_STRIP = NO;
				DEBUG_INFORMATION_FORMAT = "dwarf-with-dsym";
				ENABLE_NS_ASSERTIONS = NO;
				ENABLE_STRICT_OBJC_MSGSEND = YES;
				GCC_C_LANGUAGE_STANDARD = gnu11;
				GCC_NO_COMMON_BLOCKS = YES;
				GCC_WARN_64_TO_32_BIT_CONVERSION = YES;
				GCC_WARN_ABOUT_RETURN_TYPE = YES_ERROR;
				GCC_WARN_UNDECLARED_SELECTOR = YES;
				GCC_WARN_UNINITIALIZED_AUTOS = YES_AGGRESSIVE;
				GCC_WARN_UNUSED_FUNCTION = YES;
				GCC_WARN_UNUSED_VARIABLE = YES;
				IPHONEOS_DEPLOYMENT_TARGET = 11.2;
				MTL_ENABLE_DEBUG_INFO = NO;
				SDKROOT = iphoneos;
				SWIFT_OPTIMIZATION_LEVEL = "-Owholemodule";
				VALIDATE_PRODUCT = YES;
			};
			name = Release;
		};
		EC28757820014D3C0004B9CC /* Debug */ = {
			isa = XCBuildConfiguration;
			baseConfigurationReference = 159B8ABBAF4C6256C685662E /* Pods-Envelopes.debug.xcconfig */;
			buildSettings = {
				ASSETCATALOG_COMPILER_APPICON_NAME = AppIcon;
				CODE_SIGN_STYLE = Automatic;
				DEVELOPMENT_TEAM = 92H4P6C5WB;
				INFOPLIST_FILE = Envelopes/Info.plist;
				LD_RUNPATH_SEARCH_PATHS = "$(inherited) @executable_path/Frameworks";
				PRODUCT_BUNDLE_IDENTIFIER = com.derikflanary.Envelopes;
				PRODUCT_NAME = "$(TARGET_NAME)";
				SWIFT_VERSION = 4.0;
				TARGETED_DEVICE_FAMILY = "1,2";
			};
			name = Debug;
		};
		EC28757920014D3C0004B9CC /* Release */ = {
			isa = XCBuildConfiguration;
			baseConfigurationReference = 40CFCF9E9FC4B374CDDB39D9 /* Pods-Envelopes.release.xcconfig */;
			buildSettings = {
				ASSETCATALOG_COMPILER_APPICON_NAME = AppIcon;
				CODE_SIGN_STYLE = Automatic;
				DEVELOPMENT_TEAM = 92H4P6C5WB;
				INFOPLIST_FILE = Envelopes/Info.plist;
				LD_RUNPATH_SEARCH_PATHS = "$(inherited) @executable_path/Frameworks";
				PRODUCT_BUNDLE_IDENTIFIER = com.derikflanary.Envelopes;
				PRODUCT_NAME = "$(TARGET_NAME)";
				SWIFT_VERSION = 4.0;
				TARGETED_DEVICE_FAMILY = "1,2";
			};
			name = Release;
		};
/* End XCBuildConfiguration section */

/* Begin XCConfigurationList section */
		EC28756020014D3C0004B9CC /* Build configuration list for PBXProject "Envelopes" */ = {
			isa = XCConfigurationList;
			buildConfigurations = (
				EC28757520014D3C0004B9CC /* Debug */,
				EC28757620014D3C0004B9CC /* Release */,
			);
			defaultConfigurationIsVisible = 0;
			defaultConfigurationName = Release;
		};
		EC28757720014D3C0004B9CC /* Build configuration list for PBXNativeTarget "Envelopes" */ = {
			isa = XCConfigurationList;
			buildConfigurations = (
				EC28757820014D3C0004B9CC /* Debug */,
				EC28757920014D3C0004B9CC /* Release */,
			);
			defaultConfigurationIsVisible = 0;
			defaultConfigurationName = Release;
		};
/* End XCConfigurationList section */
	};
	rootObject = EC28755D20014D3C0004B9CC /* Project object */;
}
